
Microsoft Visual Studio Solution File, Format Version 12.00
# Visual Studio Version 17
VisualStudioVersion = 17.5.33530.505
MinimumVisualStudioVersion = 10.0.40219.1
Project("{9A19103F-16F7-4668-BE54-9A1E7A4F7556}") = "RandomizerMod", "RandomizerMod\RandomizerMod.csproj", "{8B1AB441-2E8A-49EB-87BD-8E1C9729AD00}"
EndProject
Project("{FAE04EC0-301F-11D3-BF4B-00C04F79EFBC}") = "RandomizerModTests", "RandomizerModTests\RandomizerModTests.csproj", "{5167F8F2-9E73-473B-B039-F03CC1499702}"
EndProject
Global
	GlobalSection(SolutionConfigurationPlatforms) = preSolution
		Debug|Any CPU = Debug|Any CPU
		Release|Any CPU = Release|Any CPU
	EndGlobalSection
	GlobalSection(ProjectConfigurationPlatforms) = postSolution
		{8B1AB441-2E8A-49EB-87BD-8E1C9729AD00}.Debug|Any CPU.ActiveCfg = Debug|Any CPU
		{8B1AB441-2E8A-49EB-87BD-8E1C9729AD00}.Debug|Any CPU.Build.0 = Debug|Any CPU
		{8B1AB441-2E8A-49EB-87BD-8E1C9729AD00}.Release|Any CPU.ActiveCfg = Release|Any CPU
		{8B1AB441-2E8A-49EB-87BD-8E1C9729AD00}.Release|Any CPU.Build.0 = Release|Any CPU
		{5167F8F2-9E73-473B-B039-F03CC1499702}.Debug|Any CPU.ActiveCfg = Debug|Any CPU
		{5167F8F2-9E73-473B-B039-F03CC1499702}.Debug|Any CPU.Build.0 = Debug|Any CPU
		{5167F8F2-9E73-473B-B039-F03CC1499702}.Release|Any CPU.ActiveCfg = Release|Any CPU
		{5167F8F2-9E73-473B-B039-F03CC1499702}.Release|Any CPU.Build.0 = Release|Any CPU
	EndGlobalSection
	GlobalSection(SolutionProperties) = preSolution
		HideSolutionNode = FALSE
	EndGlobalSection
	GlobalSection(ExtensibilityGlobals) = postSolution
		SolutionGuid = {37A3DAA4-C744-471C-BD9D-9DF4229E8EFC}
	EndGlobalSection
EndGlobal
